
Microsoft Visual Studio Solution File, Format Version 12.00
# Visual Studio Version 16
VisualStudioVersion = 16.0.29911.84
MinimumVisualStudioVersion = 10.0.40219.1
Project("{FAE04EC0-301F-11D3-BF4B-00C04F79EFBC}") = "MVCCRUDwithoutEF", "MVCCRUDwithoutEF\MVCCRUDwithoutEF.csproj", "{EF18075F-922D-4303-8F7A-A646E0F8FA54}"
EndProject
Global
	GlobalSection(SolutionConfigurationPlatforms) = preSolution
		Debug|Any CPU = Debug|Any CPU
		Release|Any CPU = Release|Any CPU
	EndGlobalSection
	GlobalSection(ProjectConfigurationPlatforms) = postSolution
		{EF18075F-922D-4303-8F7A-A646E0F8FA54}.Debug|Any CPU.ActiveCfg = Debug|Any CPU
		{EF18075F-922D-4303-8F7A-A646E0F8FA54}.Debug|Any CPU.Build.0 = Debug|Any CPU
		{EF18075F-922D-4303-8F7A-A646E0F8FA54}.Release|Any CPU.ActiveCfg = Release|Any CPU
		{EF18075F-922D-4303-8F7A-A646E0F8FA54}.Release|Any CPU.Build.0 = Release|Any CPU
	EndGlobalSection
	GlobalSection(SolutionProperties) = preSolution
		HideSolutionNode = FALSE
	EndGlobalSection
	GlobalSection(ExtensibilityGlobals) = postSolution
		SolutionGuid = {23791A2A-984D-4023-B633-F4671ACD8238}
	EndGlobalSection
EndGlobal
